# THIS IS AN AUTOGENERATED FILE. DO NOT EDIT THIS FILE DIRECTLY.
# yarn lockfile v1


"@biomejs/biome@1.8.2":
  version "1.8.2"
  resolved "https://registry.yarnpkg.com/@biomejs/biome/-/biome-1.8.2.tgz#a2c93113409b863eb043095e1aa85f11bf31af04"
  integrity sha512-XafCzLgs0xbH0bCjYKxQ63ig2V86fZQMq1jiy5pyLToWk9aHxA8GAUxyBtklPHtPYZPGEPOYglQHj4jyfUp+Iw==
  optionalDependencies:
    "@biomejs/cli-darwin-arm64" "1.8.2"
    "@biomejs/cli-darwin-x64" "1.8.2"
    "@biomejs/cli-linux-arm64" "1.8.2"
    "@biomejs/cli-linux-arm64-musl" "1.8.2"
    "@biomejs/cli-linux-x64" "1.8.2"
    "@biomejs/cli-linux-x64-musl" "1.8.2"
    "@biomejs/cli-win32-arm64" "1.8.2"
    "@biomejs/cli-win32-x64" "1.8.2"

"@biomejs/cli-darwin-arm64@1.8.2":
  version "1.8.2"
  resolved "https://registry.yarnpkg.com/@biomejs/cli-darwin-arm64/-/cli-darwin-arm64-1.8.2.tgz#9e1b3c480d7c62d3272a3b6d1e3e8e7143830a94"
  integrity sha512-l9msLsTcSIAPqMsPIhodQmb50sEfaXPLQ0YW4cdj6INmd8iaOh/V9NceQb2366vACTJgcWDQ2RzlvURek1T68g==

"@biomejs/cli-darwin-x64@1.8.2":
  version "1.8.2"
  resolved "https://registry.yarnpkg.com/@biomejs/cli-darwin-x64/-/cli-darwin-x64-1.8.2.tgz#9d30a25bccbbbd577146642cfbcfb9a96c661708"
  integrity sha512-Fc4y/FuIxRSiB3TJ+y27vFDE/HJt4QgBuymktsIKEcBZvnKfsRjxvzVDunccRn4xbKgepnp+fn6BoS+ZIg/I3Q==

"@biomejs/cli-linux-arm64-musl@1.8.2":
  version "1.8.2"
  resolved "https://registry.yarnpkg.com/@biomejs/cli-linux-arm64-musl/-/cli-linux-arm64-musl-1.8.2.tgz#2d87855d8ba3efea19e20f307dafe891a6716a0d"
  integrity sha512-WpT41QJJvkZa1eZq0WmD513zkC6AYaMI39HJKmKeiUeX2NZirG+bxv1YRDhqkns1NbBqo3+qrJqBkPmOW+xAVA==

"@biomejs/cli-linux-arm64@1.8.2":
  version "1.8.2"
  resolved "https://registry.yarnpkg.com/@biomejs/cli-linux-arm64/-/cli-linux-arm64-1.8.2.tgz#661cc18ca82428622487abf146bdaa98d978f9e4"
  integrity sha512-Q99qwP0qibkZxm2kfnt37OxeIlliDYf5ogi3zX9ij2DULzc+KtPA9Uj0wCljcJofOBsBYaHc7597Q+Bf/251ww==

"@biomejs/cli-linux-x64-musl@1.8.2":
  version "1.8.2"
  resolved "https://registry.yarnpkg.com/@biomejs/cli-linux-x64-musl/-/cli-linux-x64-musl-1.8.2.tgz#18debe553137b554e0e14778c52af53eff5b34c6"
  integrity sha512-rk1Wj4d3LIlAlIAS1m2jlyfOjkNbuY1lfwKvWIAeZC51yDMzwhRD7cReE5PE+jqLDtq60PX38hDPeKd7nA1S6A==

"@biomejs/cli-linux-x64@1.8.2":
  version "1.8.2"
  resolved "https://registry.yarnpkg.com/@biomejs/cli-linux-x64/-/cli-linux-x64-1.8.2.tgz#5c6bd97b4740491d597830b120d98ed45b55ba20"
  integrity sha512-bjhhUVFchFid2gOjrvBe4fg8BShcpyFQTHuB/QQnfGxs1ddrGP30yq3fHfc6S6MoCcz9Tjd3Zzq1EfWfyy5iHA==

"@biomejs/cli-win32-arm64@1.8.2":
  version "1.8.2"
  resolved "https://registry.yarnpkg.com/@biomejs/cli-win32-arm64/-/cli-win32-arm64-1.8.2.tgz#d703a3162d0f8a68686d2420a473ba4ac0acc925"
  integrity sha512-EUbqmCmNWT5xhnxHrCAEBzJB1AnLqxTYoRjlxiCMzGvsy5jQzhCanJ8CT9kNsApW3pfPWBWkoTa7qrwWmwnEGA==

"@biomejs/cli-win32-x64@1.8.2":
  version "1.8.2"
  resolved "https://registry.yarnpkg.com/@biomejs/cli-win32-x64/-/cli-win32-x64-1.8.2.tgz#d4522f1aa7f579d3524e23fed5f307a231e43f31"
  integrity sha512-n9H5oRUCk1uNezMgyJh9+hZdtfD8PXLLeq8DUzTycIhl0I1BulIoZ/uxWgRVDFDwAR1JHu1AykISCRFNGnc4iA==

globals@^15.9.0:
  version "15.9.0"
  resolved "https://registry.yarnpkg.com/globals/-/globals-15.9.0.tgz#e9de01771091ffbc37db5714dab484f9f69ff399"
  integrity sha512-SmSKyLLKFbSr6rptvP8izbyxJL4ILwqO9Jg23UA0sDlGlu58V59D1//I3vlc0KJphVdUR7vMjHIplYnzBxorQA==
